// !$*UTF8*$!
{
	archiveVersion = 1;
	classes = {
	};
	objectVersion = 46;
	objects = {

/* Begin PBXBuildFile section */
		E4B5A0551D2B0A0600A50240 /* main.m in Sources */ = {isa = PBXBuildFile; fileRef = E4B5A0541D2B0A0600A50240 /* main.m */; };
		E4B5A0581D2B0A0600A50240 /* AppDelegate.m in Sources */ = {isa = PBXBuildFile; fileRef = E4B5A0571D2B0A0600A50240 /* AppDelegate.m */; };
		E4B5A05B1D2B0A0600A50240 /* ViewController.m in Sources */ = {isa = PBXBuildFile; fileRef = E4B5A05A1D2B0A0600A50240 /* ViewController.m */; };
		E4B5A05E1D2B0A0600A50240 /* Main.storyboard in Resources */ = {isa = PBXBuildFile; fileRef = E4B5A05C1D2B0A0600A50240 /* Main.storyboard */; };
		E4B5A0611D2B0A0600A50240 /* core_Data.xcdatamodeld in Sources */ = {isa = PBXBuildFile; fileRef = E4B5A05F1D2B0A0600A50240 /* core_Data.xcdatamodeld */; };
		E4B5A0631D2B0A0600A50240 /* Assets.xcassets in Resources */ = {isa = PBXBuildFile; fileRef = E4B5A0621D2B0A0600A50240 /* Assets.xcassets */; };
		E4B5A0661D2B0A0600A50240 /* LaunchScreen.storyboard in Resources */ = {isa = PBXBuildFile; fileRef = E4B5A0641D2B0A0600A50240 /* LaunchScreen.storyboard */; };
/* End PBXBuildFile section */

/* Begin PBXFileReference section */
		E4B5A0501D2B0A0500A50240 /* core Data.app */ = {isa = PBXFileReference; explicitFileType = wrapper.application; includeInIndex = 0; path = "core Data.app"; sourceTree = BUILT_PRODUCTS_DIR; };
		E4B5A0541D2B0A0600A50240 /* main.m */ = {isa = PBXFileReference; lastKnownFileType = sourcecode.c.objc; path = main.m; sourceTree = "<group>"; };
		E4B5A0561D2B0A0600A50240 /* AppDelegate.h */ = {isa = PBXFileReference; lastKnownFileType = sourcecode.c.h; path = AppDelegate.h; sourceTree = "<group>"; };
		E4B5A0571D2B0A0600A50240 /* AppDelegate.m */ = {isa = PBXFileReference; lastKnownFileType = sourcecode.c.objc; path = AppDelegate.m; sourceTree = "<group>"; };
		E4B5A0591D2B0A0600A50240 /* ViewController.h */ = {isa = PBXFileReference; lastKnownFileType = sourcecode.c.h; path = ViewController.h; sourceTree = "<group>"; };
		E4B5A05A1D2B0A0600A50240 /* ViewController.m */ = {isa = PBXFileReference; lastKnownFileType = sourcecode.c.objc; path = ViewController.m; sourceTree = "<group>"; };
		E4B5A05D1D2B0A0600A50240 /* Base */ = {isa = PBXFileReference; lastKnownFileType = file.storyboard; name = Base; path = Base.lproj/Main.storyboard; sourceTree = "<group>"; };
		E4B5A0601D2B0A0600A50240 /* core_Data.xcdatamodel */ = {isa = PBXFileReference; lastKnownFileType = wrapper.xcdatamodel; path = core_Data.xcdatamodel; sourceTree = "<group>"; };
		E4B5A0621D2B0A0600A50240 /* Assets.xcassets */ = {isa = PBXFileReference; lastKnownFileType = folder.assetcatalog; path = Assets.xcassets; sourceTree = "<group>"; };
		E4B5A0651D2B0A0600A50240 /* Base */ = {isa = PBXFileReference; lastKnownFileType = file.storyboard; name = Base; path = Base.lproj/LaunchScreen.storyboard; sourceTree = "<group>"; };
		E4B5A0671D2B0A0600A50240 /* Info.plist */ = {isa = PBXFileReference; lastKnownFileType = text.plist.xml; path = Info.plist; sourceTree = "<group>"; };
/* End PBXFileReference section */

/* Begin PBXFrameworksBuildPhase section */
		E4B5A04D1D2B0A0500A50240 /* Frameworks */ = {
			isa = PBXFrameworksBuildPhase;
			buildActionMask = 2147483647;
			files = (
			);
			runOnlyForDeploymentPostprocessing = 0;
		};
/* End PBXFrameworksBuildPhase section */

/* Begin PBXGroup section */
		E4B5A0471D2B0A0500A50240 = {
			isa = PBXGroup;
			children = (
				E4B5A0521D2B0A0600A50240 /* core Data */,
				E4B5A0511D2B0A0600A50240 /* Products */,
			);
			sourceTree = "<group>";
		};
		E4B5A0511D2B0A0600A50240 /* Products */ = {
			isa = PBXGroup;
			children = (
				E4B5A0501D2B0A0500A50240 /* core Data.app */,
			);
			name = Products;
			sourceTree = "<group>";
		};
		E4B5A0521D2B0A0600A50240 /* core Data */ = {
			isa = PBXGroup;
			children = (
				E4B5A0561D2B0A0600A50240 /* AppDelegate.h */,
				E4B5A0571D2B0A0600A50240 /* AppDelegate.m */,
				E4B5A0591D2B0A0600A50240 /* ViewController.h */,
				E4B5A05A1D2B0A0600A50240 /* ViewController.m */,
				E4B5A05C1D2B0A0600A50240 /* Main.storyboard */,
				E4B5A0621D2B0A0600A50240 /* Assets.xcassets */,
				E4B5A0641D2B0A0600A50240 /* LaunchScreen.storyboard */,
				E4B5A0671D2B0A0600A50240 /* Info.plist */,
				E4B5A05F1D2B0A0600A50240 /* core_Data.xcdatamodeld */,
				E4B5A0531D2B0A0600A50240 /* Supporting Files */,
			);
			path = "core Data";
			sourceTree = "<group>";
		};
		E4B5A0531D2B0A0600A50240 /* Supporting Files */ = {
			isa = PBXGroup;
			children = (
				E4B5A0541D2B0A0600A50240 /* main.m */,
			);
			name = "Supporting Files";
			sourceTree = "<group>";
		};
/* End PBXGroup section */

/* Begin PBXNativeTarget section */
		E4B5A04F1D2B0A0500A50240 /* core Data */ = {
			isa = PBXNativeTarget;
			buildConfigurationList = E4B5A06A1D2B0A0600A50240 /* Build configuration list for PBXNativeTarget "core Data" */;
			buildPhases = (
				E4B5A04C1D2B0A0500A50240 /* Sources */,
				E4B5A04D1D2B0A0500A50240 /* Frameworks */,
				E4B5A04E1D2B0A0500A50240 /* Resources */,
			);
			buildRules = (
			);
			dependencies = (
			);
			name = "core Data";
			productName = "core Data";
			productReference = E4B5A0501D2B0A0500A50240 /* core Data.app */;
			productType = "com.apple.product-type.application";
		};
/* End PBXNativeTarget section */

/* Begin PBXProject section */
		E4B5A0481D2B0A0500A50240 /* Project object */ = {
			isa = PBXProject;
			attributes = {
				LastUpgradeCheck = 0700;
				ORGANIZATIONNAME = huangbobo;
				TargetAttributes = {
					E4B5A04F1D2B0A0500A50240 = {
						CreatedOnToolsVersion = 7.0;
					};
				};
			};
			buildConfigurationList = E4B5A04B1D2B0A0500A50240 /* Build configuration list for PBXProject "core Data" */;
			compatibilityVersion = "Xcode 3.2";
			developmentRegion = English;
			hasScannedForEncodings = 0;
			knownRegions = (
				en,
				Base,
			);
			mainGroup = E4B5A0471D2B0A0500A50240;
			productRefGroup = E4B5A0511D2B0A0600A50240 /* Products */;
			projectDirPath = "";
			projectRoot = "";
			targets = (
				E4B5A04F1D2B0A0500A50240 /* core Data */,
			);
		};
/* End PBXProject section */

/* Begin PBXResourcesBuildPhase section */
		E4B5A04E1D2B0A0500A50240 /* Resources */ = {
			isa = PBXResourcesBuildPhase;
			buildActionMask = 2147483647;
			files = (
				E4B5A0661D2B0A0600A50240 /* LaunchScreen.storyboard in Resources */,
				E4B5A0631D2B0A0600A50240 /* Assets.xcassets in Resources */,
				E4B5A05E1D2B0A0600A50240 /* Main.storyboard in Resources */,
			);
			runOnlyForDeploymentPostprocessing = 0;
		};
/* End PBXResourcesBuildPhase section */

/* Begin PBXSourcesBuildPhase section */
		E4B5A04C1D2B0A0500A50240 /* Sources */ = {
			isa = PBXSourcesBuildPhase;
			buildActionMask = 2147483647;
			files = (
				E4B5A0611D2B0A0600A50240 /* core_Data.xcdatamodeld in Sources */,
				E4B5A05B1D2B0A0600A50240 /* ViewController.m in Sources */,
				E4B5A0581D2B0A0600A50240 /* AppDelegate.m in Sources */,
				E4B5A0551D2B0A0600A50240 /* main.m in Sources */,
			);
			runOnlyForDeploymentPostprocessing = 0;
		};
/* End PBXSourcesBuildPhase section */

/* Begin PBXVariantGroup section */
		E4B5A05C1D2B0A0600A50240 /* Main.storyboard */ = {
			isa = PBXVariantGroup;
			children = (
				E4B5A05D1D2B0A0600A50240 /* Base */,
			);
			name = Main.storyboard;
			sourceTree = "<group>";
		};
		E4B5A0641D2B0A0600A50240 /* LaunchScreen.storyboard */ = {
			isa = PBXVariantGroup;
			children = (
				E4B5A0651D2B0A0600A50240 /* Base */,
			);
			name = LaunchScreen.storyboard;
			sourceTree = "<group>";
		};
/* End PBXVariantGroup section */

/* Begin XCBuildConfiguration section */
		E4B5A0681D2B0A0600A50240 /* Debug */ = {
			isa = XCBuildConfiguration;
			buildSettings = {
				ALWAYS_SEARCH_USER_PATHS = NO;
				CLANG_CXX_LANGUAGE_STANDARD = "gnu++0x";
				CLANG_CXX_LIBRARY = "libc++";
				CLANG_ENABLE_MODULES = YES;
				CLANG_ENABLE_OBJC_ARC = YES;
				CLANG_WARN_BOOL_CONVERSION = YES;
				CLANG_WARN_CONSTANT_CONVERSION = YES;
				CLANG_WARN_DIRECT_OBJC_ISA_USAGE = YES_ERROR;
				CLANG_WARN_EMPTY_BODY = YES;
				CLANG_WARN_ENUM_CONVERSION = YES;
				CLANG_WARN_INT_CONVERSION = YES;
				CLANG_WARN_OBJC_ROOT_CLASS = YES_ERROR;
				CLANG_WARN_UNREACHABLE_CODE = YES;
				CLANG_WARN__DUPLICATE_METHOD_MATCH = YES;
				"CODE_SIGN_IDENTITY[sdk=iphoneos*]" = "iPhone Developer";
				COPY_PHASE_STRIP = NO;
				DEBUG_INFORMATION_FORMAT = dwarf;
				ENABLE_STRICT_OBJC_MSGSEND = YES;
				ENABLE_TESTABILITY = YES;
				GCC_C_LANGUAGE_STANDARD = gnu99;
				GCC_DYNAMIC_NO_PIC = NO;
				GCC_NO_COMMON_BLOCKS = YES;
				GCC_OPTIMIZATION_LEVEL = 0;
				GCC_PREPROCESSOR_DEFINITIONS = (
					"DEBUG=1",
					"$(inherited)",
				);
				GCC_WARN_64_TO_32_BIT_CONVERSION = YES;
				GCC_WARN_ABOUT_RETURN_TYPE = YES_ERROR;
				GCC_WARN_UNDECLARED_SELECTOR = YES;
				GCC_WARN_UNINITIALIZED_AUTOS = YES_AGGRESSIVE;
				GCC_WARN_UNUSED_FUNCTION = YES;
				GCC_WARN_UNUSED_VARIABLE = YES;
				IPHONEOS_DEPLOYMENT_TARGET = 9.0;
				MTL_ENABLE_DEBUG_INFO = YES;
				ONLY_ACTIVE_ARCH = YES;
				SDKROOT = iphoneos;
			};
			name = Debug;
		};
		E4B5A0691D2B0A0600A50240 /* Release */ = {
			isa = XCBuildConfiguration;
			buildSettings = {
				ALWAYS_SEARCH_USER_PATHS = NO;
				CLANG_CXX_LANGUAGE_STANDARD = "gnu++0x";
				CLANG_CXX_LIBRARY = "libc++";
				CLANG_ENABLE_MODULES = YES;
				CLANG_ENABLE_OBJC_ARC = YES;
				CLANG_WARN_BOOL_CONVERSION = YES;
				CLANG_WARN_CONSTANT_CONVERSION = YES;
				CLANG_WARN_DIRECT_OBJC_ISA_USAGE = YES_ERROR;
				CLANG_WARN_EMPTY_BODY = YES;
				CLANG_WARN_ENUM_CONVERSION = YES;
				CLANG_WARN_INT_CONVERSION = YES;
				CLANG_WARN_OBJC_ROOT_CLASS = YES_ERROR;
				CLANG_WARN_UNREACHABLE_CODE = YES;
				CLANG_WARN__DUPLICATE_METHOD_MATCH = YES;
				"CODE_SIGN_IDENTITY[sdk=iphoneos*]" = "iPhone Developer";
				COPY_PHASE_STRIP = NO;
				DEBUG_INFORMATION_FORMAT = "dwarf-with-dsym";
				ENABLE_NS_ASSERTIONS = NO;
				ENABLE_STRICT_OBJC_MSGSEND = YES;
				GCC_C_LANGUAGE_STANDARD = gnu99;
				GCC_NO_COMMON_BLOCKS = YES;
				GCC_WARN_64_TO_32_BIT_CONVERSION = YES;
				GCC_WARN_ABOUT_RETURN_TYPE = YES_ERROR;
				GCC_WARN_UNDECLARED_SELECTOR = YES;
				GCC_WARN_UNINITIALIZED_AUTOS = YES_AGGRESSIVE;
				GCC_WARN_UNUSED_FUNCTION = YES;
				GCC_WARN_UNUSED_VARIABLE = YES;
				IPHONEOS_DEPLOYMENT_TARGET = 9.0;
				MTL_ENABLE_DEBUG_INFO = NO;
				SDKROOT = iphoneos;
				VALIDATE_PRODUCT = YES;
			};
			name = Release;
		};
		E4B5A06B1D2B0A0600A50240 /* Debug */ = {
			isa = XCBuildConfiguration;
			buildSettings = {
				ASSETCATALOG_COMPILER_APPICON_NAME = AppIcon;
				INFOPLIST_FILE = "core Data/Info.plist";
				LD_RUNPATH_SEARCH_PATHS = "$(inherited) @executable_path/Frameworks";
				PRODUCT_BUNDLE_IDENTIFIER = "bobo.core-Data";
				PRODUCT_NAME = "$(TARGET_NAME)";
			};
			name = Debug;
		};
		E4B5A06C1D2B0A0600A50240 /* Release */ = {
			isa = XCBuildConfiguration;
			buildSettings = {
				ASSETCATALOG_COMPILER_APPICON_NAME = AppIcon;
				INFOPLIST_FILE = "core Data/Info.plist";
				LD_RUNPATH_SEARCH_PATHS = "$(inherited) @executable_path/Frameworks";
				PRODUCT_BUNDLE_IDENTIFIER = "bobo.core-Data";
				PRODUCT_NAME = "$(TARGET_NAME)";
			};
			name = Release;
		};
/* End XCBuildConfiguration section */

/* Begin XCConfigurationList section */
		E4B5A04B1D2B0A0500A50240 /* Build configuration list for PBXProject "core Data" */ = {
			isa = XCConfigurationList;
			buildConfigurations = (
				E4B5A0681D2B0A0600A50240 /* Debug */,
				E4B5A0691D2B0A0600A50240 /* Release */,
			);
			defaultConfigurationIsVisible = 0;
			defaultConfigurationName = Release;
		};
		E4B5A06A1D2B0A0600A50240 /* Build configuration list for PBXNativeTarget "core Data" */ = {
			isa = XCConfigurationList;
			buildConfigurations = (
				E4B5A06B1D2B0A0600A50240 /* Debug */,
				E4B5A06C1D2B0A0600A50240 /* Release */,
			);
			defaultConfigurationIsVisible = 0;
		};
/* End XCConfigurationList section */

/* Begin XCVersionGroup section */
		E4B5A05F1D2B0A0600A50240 /* core_Data.xcdatamodeld */ = {
			isa = XCVersionGroup;
			children = (
				E4B5A0601D2B0A0600A50240 /* core_Data.xcdatamodel */,
			);
			currentVersion = E4B5A0601D2B0A0600A50240 /* core_Data.xcdatamodel */;
			path = core_Data.xcdatamodeld;
			sourceTree = "<group>";
			versionGroupType = wrapper.xcdatamodel;
		};
/* End XCVersionGroup section */
	};
	rootObject = E4B5A0481D2B0A0500A50240 /* Project object */;
}
